schema: '2.0'
stages:
  process:
    cmd: python src/process.py
    deps:
    - path: data/source/Housing.csv
      hash: md5
      md5: 801f8030dad1df22a53edfdbfa4e80f0
      size: 29981
    - path: params.yaml
      hash: md5
      md5: ef9e449398a969ab2d813ee5d2b0c848
      size: 185
    outs:
    - path: data/test/test.csv
      hash: md5
      md5: 9655f88f2aac8bb003f8af826fd08947
      size: 6811
    - path: data/train/train.csv
      hash: md5
      md5: 60808578ffa485130d0215979f283dcc
      size: 26653
  train:
    cmd: python src/train.py
    deps:
    - path: data/train/train.csv
      hash: md5
      md5: 60808578ffa485130d0215979f283dcc
      size: 26653
    - path: params.yaml
      hash: md5
      md5: ef9e449398a969ab2d813ee5d2b0c848
      size: 185
    outs:
    - path: models/model.pkl
      hash: md5
      md5: 24a5b87ebea119a3ff0fc762d89463ff
      size: 160131
  evaluate:
    cmd: python src/evaluate.py
    deps:
    - path: data/test/test.csv
      hash: md5
      md5: 9655f88f2aac8bb003f8af826fd08947
      size: 6811
    - path: models/model.pkl
      hash: md5
      md5: 24a5b87ebea119a3ff0fc762d89463ff
      size: 160131
    outs:
    - path: metrics
      hash: md5
      md5: 165c2eca7873b5522ca732516ea9a3f0.dir
      size: 66
      nfiles: 2
